
Microsoft Visual Studio Solution File, Format Version 12.00
# Visual Studio 2013
VisualStudioVersion = 12.0.31101.0
MinimumVisualStudioVersion = 10.0.40219.1
Project("{9092AA53-FB77-4645-B42D-1CCCA6BD08BD}") = "NodejsWebApp1", "NodejsWebApp1\NodejsWebApp1.njsproj", "{DE08847B-9371-439A-A43B-89840D2F203B}"
EndProject
Global
	GlobalSection(SolutionConfigurationPlatforms) = preSolution
		Debug|Any CPU = Debug|Any CPU
		Release|Any CPU = Release|Any CPU
	EndGlobalSection
	GlobalSection(ProjectConfigurationPlatforms) = postSolution
		{DE08847B-9371-439A-A43B-89840D2F203B}.Debug|Any CPU.ActiveCfg = Debug|Any CPU
		{DE08847B-9371-439A-A43B-89840D2F203B}.Debug|Any CPU.Build.0 = Debug|Any CPU
		{DE08847B-9371-439A-A43B-89840D2F203B}.Release|Any CPU.ActiveCfg = Release|Any CPU
		{DE08847B-9371-439A-A43B-89840D2F203B}.Release|Any CPU.Build.0 = Release|Any CPU
	EndGlobalSection
	GlobalSection(SolutionProperties) = preSolution
		HideSolutionNode = FALSE
	EndGlobalSection
EndGlobal
