
Microsoft Visual Studio Solution File, Format Version 12.00
# Visual Studio 2013
VisualStudioVersion = 12.0.31101.0
MinimumVisualStudioVersion = 10.0.40219.1
Project("{9092AA53-FB77-4645-B42D-1CCCA6BD08BD}") = "NodejsDemoApp1", "NodejsDemoApp1\NodejsDemoApp1.njsproj", "{1E61D78A-A21E-4D98-B5A1-B0E58EF4241A}"
EndProject
Global
	GlobalSection(SolutionConfigurationPlatforms) = preSolution
		Debug|Any CPU = Debug|Any CPU
		Release|Any CPU = Release|Any CPU
	EndGlobalSection
	GlobalSection(ProjectConfigurationPlatforms) = postSolution
		{1E61D78A-A21E-4D98-B5A1-B0E58EF4241A}.Debug|Any CPU.ActiveCfg = Debug|Any CPU
		{1E61D78A-A21E-4D98-B5A1-B0E58EF4241A}.Debug|Any CPU.Build.0 = Debug|Any CPU
		{1E61D78A-A21E-4D98-B5A1-B0E58EF4241A}.Release|Any CPU.ActiveCfg = Release|Any CPU
		{1E61D78A-A21E-4D98-B5A1-B0E58EF4241A}.Release|Any CPU.Build.0 = Release|Any CPU
	EndGlobalSection
	GlobalSection(SolutionProperties) = preSolution
		HideSolutionNode = FALSE
	EndGlobalSection
EndGlobal
